<?xml version="1.0" encoding="utf-8"?>
<Project ToolsVersion="4.0" xmlns="http://schemas.microsoft.com/developer/msbuild/2003">
  <ItemGroup>
    <Filter Include="src">
      <UniqueIdentifier>{2DAB880B-99B4-887C-2230-9F7C8E38947C}</UniqueIdentifier>
    </Filter>
    <Filter Include="src\Engine">
      <UniqueIdentifier>{12A1320E-FE58-745B-6760-4DB753370F4C}</UniqueIdentifier>
    </Filter>
    <Filter Include="src\Engine\Event">
      <UniqueIdentifier>{E32745A8-CF20-64FA-F852-497FE4AA4306}</UniqueIdentifier>
    </Filter>
    <Filter Include="src\Engine\Renderer">
      <UniqueIdentifier>{F838018B-649A-DE98-ED07-254B59681558}</UniqueIdentifier>
    </Filter>
    <Filter Include="src\Glad">
      <UniqueIdentifier>{34F61ECF-20C3-79DA-49DC-67823508AF68}</UniqueIdentifier>
    </Filter>
    <Filter Include="src\pch">
      <UniqueIdentifier>{172930A9-8308-AF44-8C20-3A1BF87E15A6}</UniqueIdentifier>
    </Filter>
    <Filter Include="vendor">
      <UniqueIdentifier>{B3738122-9F15-ACF8-88D0-BF4C74113349}</UniqueIdentifier>
    </Filter>
    <Filter Include="vendor\glad">
      <UniqueIdentifier>{9A8E79C1-0644-F2B6-8F38-EC8DFBECE8BA}</UniqueIdentifier>
    </Filter>
    <Filter Include="vendor\glad\src">
      <UniqueIdentifier>{B1098FEA-1D95-FCAE-26A6-7FA392B058AF}</UniqueIdentifier>
    </Filter>
  </ItemGroup>
  <ItemGroup>
    <ClInclude Include="src\Engine\Application.h">
      <Filter>src\Engine</Filter>
    </ClInclude>
    <ClInclude Include="src\Engine\Core.h">
      <Filter>src\Engine</Filter>
    </ClInclude>
    <ClInclude Include="src\Engine\EntryPoint.h">
      <Filter>src\Engine</Filter>
    </ClInclude>
    <ClInclude Include="src\Engine\Event\Event.h">
      <Filter>src\Engine\Event</Filter>
    </ClInclude>
    <ClInclude Include="src\Engine\Event\KeyEvent.h">
      <Filter>src\Engine\Event</Filter>
    </ClInclude>
    <ClInclude Include="src\Engine\Event\MouseEvent.h">
      <Filter>src\Engine\Event</Filter>
    </ClInclude>
    <ClInclude Include="src\Engine\Event\WindowEvent.h">
      <Filter>src\Engine\Event</Filter>
    </ClInclude>
    <ClInclude Include="src\Engine\Jonesin.h">
      <Filter>src\Engine</Filter>
    </ClInclude>
    <ClInclude Include="src\Engine\Layer.h">
      <Filter>src\Engine</Filter>
    </ClInclude>
    <ClInclude Include="src\Engine\LayerStack.h">
      <Filter>src\Engine</Filter>
    </ClInclude>
    <ClInclude Include="src\Engine\Renderer\Buffer.h">
      <Filter>src\Engine\Renderer</Filter>
    </ClInclude>
    <ClInclude Include="src\Engine\Renderer\Camera.h">
      <Filter>src\Engine\Renderer</Filter>
    </ClInclude>
    <ClInclude Include="src\Engine\Renderer\CameraController.h">
      <Filter>src\Engine\Renderer</Filter>
    </ClInclude>
    <ClInclude Include="src\Engine\Renderer\Material.h">
      <Filter>src\Engine\Renderer</Filter>
    </ClInclude>
    <ClInclude Include="src\Engine\Renderer\Renderer.h">
      <Filter>src\Engine\Renderer</Filter>
    </ClInclude>
    <ClInclude Include="src\Engine\Renderer\Shader.h">
      <Filter>src\Engine\Renderer</Filter>
    </ClInclude>
    <ClInclude Include="src\Engine\Renderer\Texture2D.h">
      <Filter>src\Engine\Renderer</Filter>
    </ClInclude>
    <ClInclude Include="src\Engine\Renderer\VertexArray.h">
      <Filter>src\Engine\Renderer</Filter>
    </ClInclude>
    <ClInclude Include="src\Engine\Renderer\lightSource.h">
      <Filter>src\Engine\Renderer</Filter>
    </ClInclude>
    <ClInclude Include="src\pch\pch.h">
      <Filter>src\pch</Filter>
    </ClInclude>
    <ClInclude Include="vendor\stb_image\stb_image.h" />
  </ItemGroup>
  <ItemGroup>
    <ClCompile Include="src\Engine\Application.cpp">
      <Filter>src\Engine</Filter>
    </ClCompile>
    <ClCompile Include="src\Engine\Core.cpp">
      <Filter>src\Engine</Filter>
    </ClCompile>
    <ClCompile Include="src\Engine\Layer.cpp">
      <Filter>src\Engine</Filter>
    </ClCompile>
    <ClCompile Include="src\Engine\LayerStack.cpp">
      <Filter>src\Engine</Filter>
    </ClCompile>
    <ClCompile Include="src\Engine\Renderer\Buffer.cpp">
      <Filter>src\Engine\Renderer</Filter>
    </ClCompile>
    <ClCompile Include="src\Engine\Renderer\Camera.cpp">
      <Filter>src\Engine\Renderer</Filter>
    </ClCompile>
    <ClCompile Include="src\Engine\Renderer\CameraController.cpp">
      <Filter>src\Engine\Renderer</Filter>
    </ClCompile>
    <ClCompile Include="src\Engine\Renderer\Material.cpp">
      <Filter>src\Engine\Renderer</Filter>
    </ClCompile>
    <ClCompile Include="src\Engine\Renderer\Renderer.cpp">
      <Filter>src\Engine\Renderer</Filter>
    </ClCompile>
    <ClCompile Include="src\Engine\Renderer\Shader.cpp">
      <Filter>src\Engine\Renderer</Filter>
    </ClCompile>
    <ClCompile Include="src\Engine\Renderer\Texture2D.cpp">
      <Filter>src\Engine\Renderer</Filter>
    </ClCompile>
    <ClCompile Include="src\Engine\Renderer\VertexArray.cpp">
      <Filter>src\Engine\Renderer</Filter>
    </ClCompile>
    <ClCompile Include="src\Engine\Renderer\lightSource.cpp">
      <Filter>src\Engine\Renderer</Filter>
    </ClCompile>
    <ClCompile Include="src\ExampleLayer.cpp">
      <Filter>src</Filter>
    </ClCompile>
    <ClCompile Include="src\pch\pch.cpp">
      <Filter>src\pch</Filter>
    </ClCompile>
    <ClCompile Include="vendor\glad\src\glad.c">
      <Filter>vendor\glad\src</Filter>
    </ClCompile>
    <ClCompile Include="vendor\stb_image\stb_image.cpp" />
  </ItemGroup>
</Project>